
Microsoft Visual Studio Solution File, Format Version 12.00
# Visual Studio 2013
VisualStudioVersion = 12.0.31101.0
MinimumVisualStudioVersion = 10.0.40219.1
Project("{FAE04EC0-301F-11D3-BF4B-00C04F79EFBC}") = "NostaleRun", "NostaleRun\NostaleRun.csproj", "{7755050D-ED21-4175-AA4E-66632A3BB49B}"
EndProject
Global
	GlobalSection(SolutionConfigurationPlatforms) = preSolution
		Debug|Any CPU = Debug|Any CPU
		Release|Any CPU = Release|Any CPU
	EndGlobalSection
	GlobalSection(ProjectConfigurationPlatforms) = postSolution
		{7755050D-ED21-4175-AA4E-66632A3BB49B}.Debug|Any CPU.ActiveCfg = Debug|Any CPU
		{7755050D-ED21-4175-AA4E-66632A3BB49B}.Debug|Any CPU.Build.0 = Debug|Any CPU
		{7755050D-ED21-4175-AA4E-66632A3BB49B}.Release|Any CPU.ActiveCfg = Release|Any CPU
		{7755050D-ED21-4175-AA4E-66632A3BB49B}.Release|Any CPU.Build.0 = Release|Any CPU
	EndGlobalSection
	GlobalSection(SolutionProperties) = preSolution
		HideSolutionNode = FALSE
	EndGlobalSection
EndGlobal
